dependencies:
- name: postgresql
  repository: https://charts.bitnami.com/bitnami
  version: 16.2.2
- name: redis
  repository: https://charts.bitnami.com/bitnami
  version: 20.3.0
digest: sha256:70683c410b08f34c2b9c4fd79a205fd04e3017f6f1d52eec312be6df364c6b89
generated: "2024-11-28T12:45:06.934771704+05:00"
